
Microsoft Visual Studio Solution File, Format Version 12.00
# Visual Studio Version 16
VisualStudioVersion = 16.0.30320.27
MinimumVisualStudioVersion = 10.0.40219.1
Project("{8BC9CEB8-8B4A-11D0-8D11-00A0C91BC942}") = "Week5No2", "Week5No2\Week5No2.vcxproj", "{8C06985E-91B3-4026-90B2-22036CDFEE24}"
EndProject
Global
	GlobalSection(SolutionConfigurationPlatforms) = preSolution
		Debug|x64 = Debug|x64
		Debug|x86 = Debug|x86
		Release|x64 = Release|x64
		Release|x86 = Release|x86
	EndGlobalSection
	GlobalSection(ProjectConfigurationPlatforms) = postSolution
		{8C06985E-91B3-4026-90B2-22036CDFEE24}.Debug|x64.ActiveCfg = Debug|x64
		{8C06985E-91B3-4026-90B2-22036CDFEE24}.Debug|x64.Build.0 = Debug|x64
		{8C06985E-91B3-4026-90B2-22036CDFEE24}.Debug|x86.ActiveCfg = Debug|Win32
		{8C06985E-91B3-4026-90B2-22036CDFEE24}.Debug|x86.Build.0 = Debug|Win32
		{8C06985E-91B3-4026-90B2-22036CDFEE24}.Release|x64.ActiveCfg = Release|x64
		{8C06985E-91B3-4026-90B2-22036CDFEE24}.Release|x64.Build.0 = Release|x64
		{8C06985E-91B3-4026-90B2-22036CDFEE24}.Release|x86.ActiveCfg = Release|Win32
		{8C06985E-91B3-4026-90B2-22036CDFEE24}.Release|x86.Build.0 = Release|Win32
	EndGlobalSection
	GlobalSection(SolutionProperties) = preSolution
		HideSolutionNode = FALSE
	EndGlobalSection
	GlobalSection(ExtensibilityGlobals) = postSolution
		SolutionGuid = {E46B9AF3-736F-452C-B557-4034130BFE0E}
	EndGlobalSection
EndGlobal
